
Microsoft Visual Studio Solution File, Format Version 9.00
# Visual Studio 2005
Project("{FAE04EC0-301F-11D3-BF4B-00C04F79EFBC}") = "Anagrams", "Anagrams\Anagrams.csproj", "{7FD56315-1C8F-46DA-A0D7-14E4E258B729}"
EndProject
Project("{FAE04EC0-301F-11D3-BF4B-00C04F79EFBC}") = "SmoothProgressBar", "SmoothProgressBar\SmoothProgressBar.csproj", "{E9F9E8BA-5088-46D1-80F5-3C3901DE3E74}"
EndProject
Global
	GlobalSection(SolutionConfigurationPlatforms) = preSolution
		Debug|Any CPU = Debug|Any CPU
		Release|Any CPU = Release|Any CPU
	EndGlobalSection
	GlobalSection(ProjectConfigurationPlatforms) = postSolution
		{7FD56315-1C8F-46DA-A0D7-14E4E258B729}.Debug|Any CPU.ActiveCfg = Debug|Any CPU
		{7FD56315-1C8F-46DA-A0D7-14E4E258B729}.Debug|Any CPU.Build.0 = Debug|Any CPU
		{7FD56315-1C8F-46DA-A0D7-14E4E258B729}.Release|Any CPU.ActiveCfg = Release|Any CPU
		{7FD56315-1C8F-46DA-A0D7-14E4E258B729}.Release|Any CPU.Build.0 = Release|Any CPU
		{E9F9E8BA-5088-46D1-80F5-3C3901DE3E74}.Debug|Any CPU.ActiveCfg = Debug|Any CPU
		{E9F9E8BA-5088-46D1-80F5-3C3901DE3E74}.Debug|Any CPU.Build.0 = Debug|Any CPU
		{E9F9E8BA-5088-46D1-80F5-3C3901DE3E74}.Release|Any CPU.ActiveCfg = Release|Any CPU
		{E9F9E8BA-5088-46D1-80F5-3C3901DE3E74}.Release|Any CPU.Build.0 = Release|Any CPU
	EndGlobalSection
	GlobalSection(SolutionProperties) = preSolution
		HideSolutionNode = FALSE
	EndGlobalSection
EndGlobal
